
Microsoft Visual Studio Solution File, Format Version 12.00
# Visual Studio Version 17
VisualStudioVersion = 17.11.35208.52
MinimumVisualStudioVersion = 10.0.40219.1
Project("{FAE04EC0-301F-11D3-BF4B-00C04F79EFBC}") = "Question_Api", "Question_Api\Question_Api.csproj", "{C8FBB3D7-2315-4634-A1A2-59D634BEF74A}"
EndProject
Project("{FAE04EC0-301F-11D3-BF4B-00C04F79EFBC}") = "WEB", "WEB\WEB.csproj", "{F390ABF5-EC61-4716-9468-6599DB7C9CCD}"
EndProject
Global
	GlobalSection(SolutionConfigurationPlatforms) = preSolution
		Debug|Any CPU = Debug|Any CPU
		Release|Any CPU = Release|Any CPU
	EndGlobalSection
	GlobalSection(ProjectConfigurationPlatforms) = postSolution
		{C8FBB3D7-2315-4634-A1A2-59D634BEF74A}.Debug|Any CPU.ActiveCfg = Debug|Any CPU
		{C8FBB3D7-2315-4634-A1A2-59D634BEF74A}.Debug|Any CPU.Build.0 = Debug|Any CPU
		{C8FBB3D7-2315-4634-A1A2-59D634BEF74A}.Release|Any CPU.ActiveCfg = Release|Any CPU
		{C8FBB3D7-2315-4634-A1A2-59D634BEF74A}.Release|Any CPU.Build.0 = Release|Any CPU
		{F390ABF5-EC61-4716-9468-6599DB7C9CCD}.Debug|Any CPU.ActiveCfg = Debug|Any CPU
		{F390ABF5-EC61-4716-9468-6599DB7C9CCD}.Debug|Any CPU.Build.0 = Debug|Any CPU
		{F390ABF5-EC61-4716-9468-6599DB7C9CCD}.Release|Any CPU.ActiveCfg = Release|Any CPU
		{F390ABF5-EC61-4716-9468-6599DB7C9CCD}.Release|Any CPU.Build.0 = Release|Any CPU
	EndGlobalSection
	GlobalSection(SolutionProperties) = preSolution
		HideSolutionNode = FALSE
	EndGlobalSection
	GlobalSection(ExtensibilityGlobals) = postSolution
		SolutionGuid = {915167C0-A416-4BC4-81FD-36DA2C78699B}
	EndGlobalSection
EndGlobal
