
Microsoft Visual Studio Solution File, Format Version 12.00
# Visual Studio Version 17
VisualStudioVersion = 17.11.35208.52
MinimumVisualStudioVersion = 10.0.40219.1
Project("{FAE04EC0-301F-11D3-BF4B-00C04F79EFBC}") = "Web_Api_user_", "Web_Api_user_\Web_Api_user_.csproj", "{12B792DE-287F-4453-8EE4-390D857E6910}"
EndProject
Global
	GlobalSection(SolutionConfigurationPlatforms) = preSolution
		Debug|Any CPU = Debug|Any CPU
		Release|Any CPU = Release|Any CPU
	EndGlobalSection
	GlobalSection(ProjectConfigurationPlatforms) = postSolution
		{12B792DE-287F-4453-8EE4-390D857E6910}.Debug|Any CPU.ActiveCfg = Debug|Any CPU
		{12B792DE-287F-4453-8EE4-390D857E6910}.Debug|Any CPU.Build.0 = Debug|Any CPU
		{12B792DE-287F-4453-8EE4-390D857E6910}.Release|Any CPU.ActiveCfg = Release|Any CPU
		{12B792DE-287F-4453-8EE4-390D857E6910}.Release|Any CPU.Build.0 = Release|Any CPU
	EndGlobalSection
	GlobalSection(SolutionProperties) = preSolution
		HideSolutionNode = FALSE
	EndGlobalSection
	GlobalSection(ExtensibilityGlobals) = postSolution
		SolutionGuid = {27629C8A-BFE3-4A27-BBB5-9EA6B77ACEBB}
	EndGlobalSection
EndGlobal
